
Microsoft Visual Studio Solution File, Format Version 12.00
# Visual Studio 15
VisualStudioVersion = 15.0.26730.16
MinimumVisualStudioVersion = 10.0.40219.1
Project("{2150E333-8FDC-42A3-9474-1A3956D46DE8}") = "src", "src", "{97BC259A-4E78-4BA8-8F4D-2656BC78BB34}"
EndProject
Project("{2150E333-8FDC-42A3-9474-1A3956D46DE8}") = "Solution Items", "Solution Items", "{73F25F81-0412-412E-89C9-BAD33E9BCCDE}"
	ProjectSection(SolutionItems) = preProject
		.travis.yml = .travis.yml
		appveyor.yml = appveyor.yml
		README.md = README.md
		StyleCop.Analyzers.ruleset = StyleCop.Analyzers.ruleset
	EndProjectSection
EndProject
Project("{2150E333-8FDC-42A3-9474-1A3956D46DE8}") = "test", "test", "{39AC0FCD-3DBB-4C9B-87EE-873D31165F28}"
EndProject
Project("{9A19103F-16F7-4668-BE54-9A1E7A4F7556}") = "Unosquare.Labs.EmbedIO", "src\Unosquare.Labs.EmbedIO\Unosquare.Labs.EmbedIO.csproj", "{76B8EFC5-EDEF-4E31-9E78-164E8687B1AB}"
EndProject
Project("{9A19103F-16F7-4668-BE54-9A1E7A4F7556}") = "Unosquare.Labs.EmbedIO.Tests", "test\Unosquare.Labs.EmbedIO.Tests\Unosquare.Labs.EmbedIO.Tests.csproj", "{C91F303C-DFF3-4260-8A66-0EBEF53F69F5}"
EndProject
Project("{9A19103F-16F7-4668-BE54-9A1E7A4F7556}") = "Unosquare.Labs.EmbedIO.Command", "src\Unosquare.Labs.EmbedIO.Command\Unosquare.Labs.EmbedIO.Command.csproj", "{852D375B-DCFE-49A6-BA71-7EF936ACF50C}"
EndProject
Project("{9A19103F-16F7-4668-BE54-9A1E7A4F7556}") = "Unosquare.Labs.EmbedIO.Samples", "src\Unosquare.Labs.EmbedIO.Samples\Unosquare.Labs.EmbedIO.Samples.csproj", "{5B312B76-1C92-4C50-9A44-BAF738377306}"
EndProject
Global
	GlobalSection(Performance) = preSolution
		HasPerformanceSessions = true
	EndGlobalSection
	GlobalSection(SolutionConfigurationPlatforms) = preSolution
		Debug|Any CPU = Debug|Any CPU
		Release|Any CPU = Release|Any CPU
	EndGlobalSection
	GlobalSection(ProjectConfigurationPlatforms) = postSolution
		{76B8EFC5-EDEF-4E31-9E78-164E8687B1AB}.Debug|Any CPU.ActiveCfg = Debug|Any CPU
		{76B8EFC5-EDEF-4E31-9E78-164E8687B1AB}.Debug|Any CPU.Build.0 = Debug|Any CPU
		{76B8EFC5-EDEF-4E31-9E78-164E8687B1AB}.Release|Any CPU.ActiveCfg = Release|Any CPU
		{76B8EFC5-EDEF-4E31-9E78-164E8687B1AB}.Release|Any CPU.Build.0 = Release|Any CPU
		{C91F303C-DFF3-4260-8A66-0EBEF53F69F5}.Debug|Any CPU.ActiveCfg = Debug|Any CPU
		{C91F303C-DFF3-4260-8A66-0EBEF53F69F5}.Debug|Any CPU.Build.0 = Debug|Any CPU
		{C91F303C-DFF3-4260-8A66-0EBEF53F69F5}.Release|Any CPU.ActiveCfg = Release|Any CPU
		{C91F303C-DFF3-4260-8A66-0EBEF53F69F5}.Release|Any CPU.Build.0 = Release|Any CPU
		{852D375B-DCFE-49A6-BA71-7EF936ACF50C}.Debug|Any CPU.ActiveCfg = Debug|Any CPU
		{852D375B-DCFE-49A6-BA71-7EF936ACF50C}.Debug|Any CPU.Build.0 = Debug|Any CPU
		{852D375B-DCFE-49A6-BA71-7EF936ACF50C}.Release|Any CPU.ActiveCfg = Release|Any CPU
		{852D375B-DCFE-49A6-BA71-7EF936ACF50C}.Release|Any CPU.Build.0 = Release|Any CPU
		{5B312B76-1C92-4C50-9A44-BAF738377306}.Debug|Any CPU.ActiveCfg = Debug|Any CPU
		{5B312B76-1C92-4C50-9A44-BAF738377306}.Debug|Any CPU.Build.0 = Debug|Any CPU
		{5B312B76-1C92-4C50-9A44-BAF738377306}.Release|Any CPU.ActiveCfg = Release|Any CPU
		{5B312B76-1C92-4C50-9A44-BAF738377306}.Release|Any CPU.Build.0 = Release|Any CPU
	EndGlobalSection
	GlobalSection(SolutionProperties) = preSolution
		HideSolutionNode = FALSE
	EndGlobalSection
	GlobalSection(NestedProjects) = preSolution
		{76B8EFC5-EDEF-4E31-9E78-164E8687B1AB} = {97BC259A-4E78-4BA8-8F4D-2656BC78BB34}
		{C91F303C-DFF3-4260-8A66-0EBEF53F69F5} = {39AC0FCD-3DBB-4C9B-87EE-873D31165F28}
		{852D375B-DCFE-49A6-BA71-7EF936ACF50C} = {97BC259A-4E78-4BA8-8F4D-2656BC78BB34}
		{5B312B76-1C92-4C50-9A44-BAF738377306} = {97BC259A-4E78-4BA8-8F4D-2656BC78BB34}
	EndGlobalSection
	GlobalSection(ExtensibilityGlobals) = postSolution
		SolutionGuid = {197F095C-03FC-4632-8C1F-CC038D75CEAB}
	EndGlobalSection
EndGlobal
